// !$*UTF8*$!
{
	archiveVersion = 1;
	classes = {
	};
	objectVersion = 46;
	objects = {

/* Begin PBXBuildFile section */
		32306AA21EC3A1FC00E0926A /* RMSpellChecker.m in Sources */ = {isa = PBXBuildFile; fileRef = 327ADCD71EBC409B00233988 /* RMSpellChecker.m */; };
		323975CE1EC26EA90003D737 /* RMSpellCheckerTests.m in Sources */ = {isa = PBXBuildFile; fileRef = 323975CD1EC26EA90003D737 /* RMSpellCheckerTests.m */; };
		327ADC931EBC3EFB00233988 /* main.m in Sources */ = {isa = PBXBuildFile; fileRef = 327ADC921EBC3EFB00233988 /* main.m */; };
		327ADCD81EBC409B00233988 /* RMSpellChecker.m in Sources */ = {isa = PBXBuildFile; fileRef = 327ADCD71EBC409B00233988 /* RMSpellChecker.m */; };
/* End PBXBuildFile section */

/* Begin PBXCopyFilesBuildPhase section */
		327ADC8D1EBC3EFB00233988 /* CopyFiles */ = {
			isa = PBXCopyFilesBuildPhase;
			buildActionMask = 2147483647;
			dstPath = /usr/share/man/man1/;
			dstSubfolderSpec = 0;
			files = (
			);
			runOnlyForDeploymentPostprocessing = 1;
		};
/* End PBXCopyFilesBuildPhase section */

/* Begin PBXFileReference section */
		32306A9D1EC3A0A400E0926A /* Info.plist */ = {isa = PBXFileReference; lastKnownFileType = text.plist.xml; name = Info.plist; path = RMSpellCheckerTests/Info.plist; sourceTree = SOURCE_ROOT; };
		32306AA41EC3C30000E0926A /* LICENSE.md */ = {isa = PBXFileReference; lastKnownFileType = net.daringfireball.markdown; path = LICENSE.md; sourceTree = "<group>"; };
		32306AA51EC3C31000E0926A /* README.md */ = {isa = PBXFileReference; lastKnownFileType = net.daringfireball.markdown; path = README.md; sourceTree = "<group>"; };
		323975CB1EC26EA90003D737 /* RMSpellCheckerTests.xctest */ = {isa = PBXFileReference; explicitFileType = wrapper.cfbundle; includeInIndex = 0; path = RMSpellCheckerTests.xctest; sourceTree = BUILT_PRODUCTS_DIR; };
		323975CD1EC26EA90003D737 /* RMSpellCheckerTests.m */ = {isa = PBXFileReference; lastKnownFileType = sourcecode.c.objc; path = RMSpellCheckerTests.m; sourceTree = "<group>"; };
		327ADC8F1EBC3EFB00233988 /* RMSpellChecker */ = {isa = PBXFileReference; explicitFileType = "compiled.mach-o.executable"; includeInIndex = 0; path = RMSpellChecker; sourceTree = BUILT_PRODUCTS_DIR; };
		327ADC921EBC3EFB00233988 /* main.m */ = {isa = PBXFileReference; lastKnownFileType = sourcecode.c.objc; path = main.m; sourceTree = "<group>"; };
		327ADCD61EBC409B00233988 /* RMSpellChecker.h */ = {isa = PBXFileReference; fileEncoding = 4; lastKnownFileType = sourcecode.c.h; path = RMSpellChecker.h; sourceTree = "<group>"; };
		327ADCD71EBC409B00233988 /* RMSpellChecker.m */ = {isa = PBXFileReference; fileEncoding = 4; lastKnownFileType = sourcecode.c.objc; path = RMSpellChecker.m; sourceTree = "<group>"; };
/* End PBXFileReference section */

/* Begin PBXFrameworksBuildPhase section */
		323975C81EC26EA90003D737 /* Frameworks */ = {
			isa = PBXFrameworksBuildPhase;
			buildActionMask = 2147483647;
			files = (
			);
			runOnlyForDeploymentPostprocessing = 0;
		};
		327ADC8C1EBC3EFB00233988 /* Frameworks */ = {
			isa = PBXFrameworksBuildPhase;
			buildActionMask = 2147483647;
			files = (
			);
			runOnlyForDeploymentPostprocessing = 0;
		};
/* End PBXFrameworksBuildPhase section */

/* Begin PBXGroup section */
		323975CC1EC26EA90003D737 /* RMSpellCheckerTests */ = {
			isa = PBXGroup;
			children = (
				323975CD1EC26EA90003D737 /* RMSpellCheckerTests.m */,
				32306A9D1EC3A0A400E0926A /* Info.plist */,
			);
			path = RMSpellCheckerTests;
			sourceTree = "<group>";
		};
		327ADC861EBC3EFB00233988 = {
			isa = PBXGroup;
			children = (
				32306AA41EC3C30000E0926A /* LICENSE.md */,
				32306AA51EC3C31000E0926A /* README.md */,
				327ADC911EBC3EFB00233988 /* RMSpellChecker */,
				323975CC1EC26EA90003D737 /* RMSpellCheckerTests */,
				327ADC901EBC3EFB00233988 /* Products */,
			);
			sourceTree = "<group>";
		};
		327ADC901EBC3EFB00233988 /* Products */ = {
			isa = PBXGroup;
			children = (
				327ADC8F1EBC3EFB00233988 /* RMSpellChecker */,
				323975CB1EC26EA90003D737 /* RMSpellCheckerTests.xctest */,
			);
			name = Products;
			sourceTree = "<group>";
		};
		327ADC911EBC3EFB00233988 /* RMSpellChecker */ = {
			isa = PBXGroup;
			children = (
				327ADCD61EBC409B00233988 /* RMSpellChecker.h */,
				327ADCD71EBC409B00233988 /* RMSpellChecker.m */,
				327ADC921EBC3EFB00233988 /* main.m */,
			);
			path = RMSpellChecker;
			sourceTree = "<group>";
		};
/* End PBXGroup section */

/* Begin PBXNativeTarget section */
		323975CA1EC26EA90003D737 /* RMSpellCheckerTests */ = {
			isa = PBXNativeTarget;
			buildConfigurationList = 323975D01EC26EAA0003D737 /* Build configuration list for PBXNativeTarget "RMSpellCheckerTests" */;
			buildPhases = (
				323975C71EC26EA90003D737 /* Sources */,
				323975C81EC26EA90003D737 /* Frameworks */,
				323975C91EC26EA90003D737 /* Resources */,
			);
			buildRules = (
			);
			dependencies = (
			);
			name = RMSpellCheckerTests;
			productName = RMSpellCheckerTests;
			productReference = 323975CB1EC26EA90003D737 /* RMSpellCheckerTests.xctest */;
			productType = "com.apple.product-type.bundle.unit-test";
		};
		327ADC8E1EBC3EFB00233988 /* RMSpellChecker */ = {
			isa = PBXNativeTarget;
			buildConfigurationList = 327ADC961EBC3EFB00233988 /* Build configuration list for PBXNativeTarget "RMSpellChecker" */;
			buildPhases = (
				327ADC8B1EBC3EFB00233988 /* Sources */,
				327ADC8C1EBC3EFB00233988 /* Frameworks */,
				327ADC8D1EBC3EFB00233988 /* CopyFiles */,
			);
			buildRules = (
			);
			dependencies = (
			);
			name = RMSpellChecker;
			productName = RMSpellChecker;
			productReference = 327ADC8F1EBC3EFB00233988 /* RMSpellChecker */;
			productType = "com.apple.product-type.tool";
		};
/* End PBXNativeTarget section */

/* Begin PBXProject section */
		327ADC871EBC3EFB00233988 /* Project object */ = {
			isa = PBXProject;
			attributes = {
				CLASSPREFIX = RM;
				LastUpgradeCheck = 0830;
				ORGANIZATIONNAME = "Ross Maniaci";
				TargetAttributes = {
					323975CA1EC26EA90003D737 = {
						CreatedOnToolsVersion = 8.3.2;
						DevelopmentTeam = 97ASU33JJP;
						ProvisioningStyle = Automatic;
					};
					327ADC8E1EBC3EFB00233988 = {
						CreatedOnToolsVersion = 8.3.2;
						DevelopmentTeam = 97ASU33JJP;
						ProvisioningStyle = Automatic;
					};
				};
			};
			buildConfigurationList = 327ADC8A1EBC3EFB00233988 /* Build configuration list for PBXProject "RMSpellChecker" */;
			compatibilityVersion = "Xcode 3.2";
			developmentRegion = English;
			hasScannedForEncodings = 0;
			knownRegions = (
				en,
			);
			mainGroup = 327ADC861EBC3EFB00233988;
			productRefGroup = 327ADC901EBC3EFB00233988 /* Products */;
			projectDirPath = "";
			projectRoot = "";
			targets = (
				327ADC8E1EBC3EFB00233988 /* RMSpellChecker */,
				323975CA1EC26EA90003D737 /* RMSpellCheckerTests */,
			);
		};
/* End PBXProject section */

/* Begin PBXResourcesBuildPhase section */
		323975C91EC26EA90003D737 /* Resources */ = {
			isa = PBXResourcesBuildPhase;
			buildActionMask = 2147483647;
			files = (
			);
			runOnlyForDeploymentPostprocessing = 0;
		};
/* End PBXResourcesBuildPhase section */

/* Begin PBXSourcesBuildPhase section */
		323975C71EC26EA90003D737 /* Sources */ = {
			isa = PBXSourcesBuildPhase;
			buildActionMask = 2147483647;
			files = (
				32306AA21EC3A1FC00E0926A /* RMSpellChecker.m in Sources */,
				323975CE1EC26EA90003D737 /* RMSpellCheckerTests.m in Sources */,
			);
			runOnlyForDeploymentPostprocessing = 0;
		};
		327ADC8B1EBC3EFB00233988 /* Sources */ = {
			isa = PBXSourcesBuildPhase;
			buildActionMask = 2147483647;
			files = (
				327ADC931EBC3EFB00233988 /* main.m in Sources */,
				327ADCD81EBC409B00233988 /* RMSpellChecker.m in Sources */,
			);
			runOnlyForDeploymentPostprocessing = 0;
		};
/* End PBXSourcesBuildPhase section */

/* Begin XCBuildConfiguration section */
		323975D11EC26EAA0003D737 /* Debug */ = {
			isa = XCBuildConfiguration;
			buildSettings = {
				CODE_SIGN_IDENTITY = "Mac Developer";
				COMBINE_HIDPI_IMAGES = YES;
				DEVELOPMENT_TEAM = "";
				INFOPLIST_FILE = RMSpellCheckerTests/Info.plist;
				LD_RUNPATH_SEARCH_PATHS = "$(inherited) @executable_path/../Frameworks @loader_path/../Frameworks";
				PRODUCT_BUNDLE_IDENTIFIER = com.lantern.RMSpellCheckerTests;
				PRODUCT_NAME = "$(TARGET_NAME)";
				PROVISIONING_PROFILE_SPECIFIER = "";
			};
			name = Debug;
		};
		323975D21EC26EAA0003D737 /* Release */ = {
			isa = XCBuildConfiguration;
			buildSettings = {
				CODE_SIGN_IDENTITY = "Mac Developer";
				COMBINE_HIDPI_IMAGES = YES;
				DEVELOPMENT_TEAM = "";
				INFOPLIST_FILE = RMSpellCheckerTests/Info.plist;
				LD_RUNPATH_SEARCH_PATHS = "$(inherited) @executable_path/../Frameworks @loader_path/../Frameworks";
				PRODUCT_BUNDLE_IDENTIFIER = com.lantern.RMSpellCheckerTests;
				PRODUCT_NAME = "$(TARGET_NAME)";
				PROVISIONING_PROFILE_SPECIFIER = "";
			};
			name = Release;
		};
		327ADC941EBC3EFB00233988 /* Debug */ = {
			isa = XCBuildConfiguration;
			buildSettings = {
				ALWAYS_SEARCH_USER_PATHS = NO;
				CLANG_ANALYZER_NONNULL = YES;
				CLANG_ANALYZER_NUMBER_OBJECT_CONVERSION = YES_AGGRESSIVE;
				CLANG_CXX_LANGUAGE_STANDARD = "gnu++0x";
				CLANG_CXX_LIBRARY = "libc++";
				CLANG_ENABLE_MODULES = YES;
				CLANG_ENABLE_OBJC_ARC = YES;
				CLANG_WARN_BOOL_CONVERSION = YES;
				CLANG_WARN_CONSTANT_CONVERSION = YES;
				CLANG_WARN_DIRECT_OBJC_ISA_USAGE = YES_ERROR;
				CLANG_WARN_DOCUMENTATION_COMMENTS = YES;
				CLANG_WARN_EMPTY_BODY = YES;
				CLANG_WARN_ENUM_CONVERSION = YES;
				CLANG_WARN_INFINITE_RECURSION = YES;
				CLANG_WARN_INT_CONVERSION = YES;
				CLANG_WARN_OBJC_ROOT_CLASS = YES_ERROR;
				CLANG_WARN_SUSPICIOUS_MOVE = YES;
				CLANG_WARN_UNREACHABLE_CODE = YES;
				CLANG_WARN__DUPLICATE_METHOD_MATCH = YES;
				CODE_SIGN_IDENTITY = "-";
				COPY_PHASE_STRIP = NO;
				DEBUG_INFORMATION_FORMAT = dwarf;
				ENABLE_STRICT_OBJC_MSGSEND = YES;
				ENABLE_TESTABILITY = YES;
				GCC_C_LANGUAGE_STANDARD = gnu99;
				GCC_DYNAMIC_NO_PIC = NO;
				GCC_NO_COMMON_BLOCKS = YES;
				GCC_OPTIMIZATION_LEVEL = 0;
				GCC_PREPROCESSOR_DEFINITIONS = (
					"DEBUG=1",
					"$(inherited)",
				);
				GCC_WARN_64_TO_32_BIT_CONVERSION = YES;
				GCC_WARN_ABOUT_RETURN_TYPE = YES_ERROR;
				GCC_WARN_UNDECLARED_SELECTOR = YES;
				GCC_WARN_UNINITIALIZED_AUTOS = YES_AGGRESSIVE;
				GCC_WARN_UNUSED_FUNCTION = YES;
				GCC_WARN_UNUSED_VARIABLE = YES;
				MACOSX_DEPLOYMENT_TARGET = 10.12;
				MTL_ENABLE_DEBUG_INFO = YES;
				ONLY_ACTIVE_ARCH = YES;
				SDKROOT = macosx;
			};
			name = Debug;
		};
		327ADC951EBC3EFB00233988 /* Release */ = {
			isa = XCBuildConfiguration;
			buildSettings = {
				ALWAYS_SEARCH_USER_PATHS = NO;
				CLANG_ANALYZER_NONNULL = YES;
				CLANG_ANALYZER_NUMBER_OBJECT_CONVERSION = YES_AGGRESSIVE;
				CLANG_CXX_LANGUAGE_STANDARD = "gnu++0x";
				CLANG_CXX_LIBRARY = "libc++";
				CLANG_ENABLE_MODULES = YES;
				CLANG_ENABLE_OBJC_ARC = YES;
				CLANG_WARN_BOOL_CONVERSION = YES;
				CLANG_WARN_CONSTANT_CONVERSION = YES;
				CLANG_WARN_DIRECT_OBJC_ISA_USAGE = YES_ERROR;
				CLANG_WARN_DOCUMENTATION_COMMENTS = YES;
				CLANG_WARN_EMPTY_BODY = YES;
				CLANG_WARN_ENUM_CONVERSION = YES;
				CLANG_WARN_INFINITE_RECURSION = YES;
				CLANG_WARN_INT_CONVERSION = YES;
				CLANG_WARN_OBJC_ROOT_CLASS = YES_ERROR;
				CLANG_WARN_SUSPICIOUS_MOVE = YES;
				CLANG_WARN_UNREACHABLE_CODE = YES;
				CLANG_WARN__DUPLICATE_METHOD_MATCH = YES;
				CODE_SIGN_IDENTITY = "-";
				COPY_PHASE_STRIP = NO;
				DEBUG_INFORMATION_FORMAT = "dwarf-with-dsym";
				ENABLE_NS_ASSERTIONS = NO;
				ENABLE_STRICT_OBJC_MSGSEND = YES;
				GCC_C_LANGUAGE_STANDARD = gnu99;
				GCC_NO_COMMON_BLOCKS = YES;
				GCC_WARN_64_TO_32_BIT_CONVERSION = YES;
				GCC_WARN_ABOUT_RETURN_TYPE = YES_ERROR;
				GCC_WARN_UNDECLARED_SELECTOR = YES;
				GCC_WARN_UNINITIALIZED_AUTOS = YES_AGGRESSIVE;
				GCC_WARN_UNUSED_FUNCTION = YES;
				GCC_WARN_UNUSED_VARIABLE = YES;
				MACOSX_DEPLOYMENT_TARGET = 10.12;
				MTL_ENABLE_DEBUG_INFO = NO;
				SDKROOT = macosx;
			};
			name = Release;
		};
		327ADC971EBC3EFB00233988 /* Debug */ = {
			isa = XCBuildConfiguration;
			buildSettings = {
				CODE_SIGN_IDENTITY = "Mac Developer";
				DEVELOPMENT_TEAM = 97ASU33JJP;
				INFOPLIST_FILE = "$(SRCROOT)/RMSpellChecker/Info.plist";
				PRODUCT_BUNDLE_IDENTIFIER = com.rossmaniaci.RMSpellChecker;
				PRODUCT_NAME = "$(TARGET_NAME)";
				PROVISIONING_PROFILE_SPECIFIER = "";
			};
			name = Debug;
		};
		327ADC981EBC3EFB00233988 /* Release */ = {
			isa = XCBuildConfiguration;
			buildSettings = {
				CODE_SIGN_IDENTITY = "Mac Developer";
				DEVELOPMENT_TEAM = 97ASU33JJP;
				INFOPLIST_FILE = "$(SRCROOT)/RMSpellChecker/Info.plist";
				PRODUCT_BUNDLE_IDENTIFIER = com.rossmaniaci.RMSpellChecker;
				PRODUCT_NAME = "$(TARGET_NAME)";
				PROVISIONING_PROFILE_SPECIFIER = "";
			};
			name = Release;
		};
/* End XCBuildConfiguration section */

/* Begin XCConfigurationList section */
		323975D01EC26EAA0003D737 /* Build configuration list for PBXNativeTarget "RMSpellCheckerTests" */ = {
			isa = XCConfigurationList;
			buildConfigurations = (
				323975D11EC26EAA0003D737 /* Debug */,
				323975D21EC26EAA0003D737 /* Release */,
			);
			defaultConfigurationIsVisible = 0;
			defaultConfigurationName = Release;
		};
		327ADC8A1EBC3EFB00233988 /* Build configuration list for PBXProject "RMSpellChecker" */ = {
			isa = XCConfigurationList;
			buildConfigurations = (
				327ADC941EBC3EFB00233988 /* Debug */,
				327ADC951EBC3EFB00233988 /* Release */,
			);
			defaultConfigurationIsVisible = 0;
			defaultConfigurationName = Release;
		};
		327ADC961EBC3EFB00233988 /* Build configuration list for PBXNativeTarget "RMSpellChecker" */ = {
			isa = XCConfigurationList;
			buildConfigurations = (
				327ADC971EBC3EFB00233988 /* Debug */,
				327ADC981EBC3EFB00233988 /* Release */,
			);
			defaultConfigurationIsVisible = 0;
			defaultConfigurationName = Release;
		};
/* End XCConfigurationList section */
	};
	rootObject = 327ADC871EBC3EFB00233988 /* Project object */;
}
